{
  "pins" : [
    {
      "identity" : "ys_coordinator",
      "kind" : "remoteSourceControl",
      "location" : "https://github.com/yoonjason/ys_coordinator",
      "state" : {
        "revision" : "83fcba8a8a0c2130d6bb22342baa604e6ca9bbf5",
        "version" : "1.0.0"
      }
    },
    {
      "identity" : "ys_networking",
      "kind" : "remoteSourceControl",
      "location" : "https://github.com/yoonjason/ys_networking",
      "state" : {
        "revision" : "fedc371c0529bb3449644e2b72dc0a07dcb04031",
        "version" : "1.0.8"
      }
    }
  ],
  "version" : 2
}
